<?xml version="1.0" encoding="utf-8"?>
<Project ToolsVersion="4.0" xmlns="http://schemas.microsoft.com/developer/msbuild/2003">
  <ItemGroup>
    <Filter Include="Entity">
      <UniqueIdentifier>{a012a3f2-a294-40fe-bc43-7b66f4acb62c}</UniqueIdentifier>
    </Filter>
    <Filter Include="Features">
      <UniqueIdentifier>{768f29d2-d9e5-4c49-bf66-a0b79a85b2ba}</UniqueIdentifier>
    </Filter>
    <Filter Include="overlay">
      <UniqueIdentifier>{8b19819a-1e40-465b-8553-014be732c7ea}</UniqueIdentifier>
    </Filter>
    <Filter Include="sdk">
      <UniqueIdentifier>{94a76dd3-6cd5-4179-b462-9bff174e66fc}</UniqueIdentifier>
    </Filter>
    <Filter Include="overlay\imgui">
      <UniqueIdentifier>{4d8ca889-6ded-4e40-ab48-3028e5b33c93}</UniqueIdentifier>
    </Filter>
    <Filter Include="overlay\menu">
      <UniqueIdentifier>{2a7a0fb6-b0af-4fbc-8fa1-24a7d425fdb3}</UniqueIdentifier>
    </Filter>
    <Filter Include="Features\aim">
      <UniqueIdentifier>{6a92084e-f566-4789-8f7f-86b7b5e5281a}</UniqueIdentifier>
    </Filter>
    <Filter Include="Features\esp">
      <UniqueIdentifier>{81d07328-cbaf-4f45-8af4-0932e64600f1}</UniqueIdentifier>
    </Filter>
    <Filter Include="Features\misc">
      <UniqueIdentifier>{7c9aacaf-f2e4-4c89-9111-7f98a7fb4b5d}</UniqueIdentifier>
    </Filter>
    <Filter Include="helpers">
      <UniqueIdentifier>{09ed9f43-eced-4498-8322-b764fa654f54}</UniqueIdentifier>
    </Filter>
  </ItemGroup>
  <ItemGroup>
    <ClInclude Include="Overlay\imgui\imstb_truetype.h">
      <Filter>overlay\imgui</Filter>
    </ClInclude>
    <ClInclude Include="Overlay\imgui\imstb_textedit.h">
      <Filter>overlay\imgui</Filter>
    </ClInclude>
    <ClInclude Include="Overlay\imgui\imstb_rectpack.h">
      <Filter>overlay\imgui</Filter>
    </ClInclude>
    <ClInclude Include="Overlay\imgui\imgui_internal.h">
      <Filter>overlay\imgui</Filter>
    </ClInclude>
    <ClInclude Include="Overlay\imgui\imgui_impl_win32.h">
      <Filter>overlay\imgui</Filter>
    </ClInclude>
    <ClInclude Include="Overlay\imgui\imgui_impl_dx9.h">
      <Filter>overlay\imgui</Filter>
    </ClInclude>
    <ClInclude Include="Overlay\imgui\imgui.h">
      <Filter>overlay\imgui</Filter>
    </ClInclude>
    <ClInclude Include="Overlay\imgui\imconfig.h">
      <Filter>overlay\imgui</Filter>
    </ClInclude>
    <ClInclude Include="SDK\BaseNetworkable.hpp">
      <Filter>sdk</Filter>
    </ClInclude>
    <ClInclude Include="SDK\BasePlayer.hpp">
      <Filter>sdk</Filter>
    </ClInclude>
    <ClInclude Include="SDK\Classes.hpp">
      <Filter>sdk</Filter>
    </ClInclude>
    <ClInclude Include="SDK\Driver.hpp">
      <Filter>sdk</Filter>
    </ClInclude>
    <ClInclude Include="SDK\HeldItem.hpp">
      <Filter>sdk</Filter>
    </ClInclude>
    <ClInclude Include="SDK\Imports.hpp">
      <Filter>sdk</Filter>
    </ClInclude>
    <ClInclude Include="SDK\Math.hpp">
      <Filter>sdk</Filter>
    </ClInclude>
    <ClInclude Include="SDK\safe_ptr.hpp">
      <Filter>sdk</Filter>
    </ClInclude>
    <ClInclude Include="SDK\Utils.hpp">
      <Filter>sdk</Filter>
    </ClInclude>
    <ClInclude Include="SDK\VMProtectSDK.h">
      <Filter>sdk</Filter>
    </ClInclude>
    <ClInclude Include="Overlay\FontData.hpp">
      <Filter>overlay</Filter>
    </ClInclude>
    <ClInclude Include="Overlay\Overlay.hpp">
      <Filter>overlay</Filter>
    </ClInclude>
    <ClInclude Include="Overlay\color.hpp">
      <Filter>overlay</Filter>
    </ClInclude>
    <ClInclude Include="Overlay\Menu\Menu.hpp">
      <Filter>overlay\menu</Filter>
    </ClInclude>
    <ClInclude Include="Overlay\Menu\Settings.hpp">
      <Filter>overlay\menu</Filter>
    </ClInclude>
    <ClInclude Include="Entity\EntityLoop.hpp">
      <Filter>Entity</Filter>
    </ClInclude>
    <ClInclude Include="Features\Aimbot\Aimbot.hpp">
      <Filter>Features\aim</Filter>
    </ClInclude>
    <ClInclude Include="Features\Aimbot\DoAimbot.hpp">
      <Filter>Features\aim</Filter>
    </ClInclude>
    <ClInclude Include="Features\MISC\DoMisc.hpp">
      <Filter>Features\misc</Filter>
    </ClInclude>
    <ClInclude Include="Features\ESP\DrawESP.hpp">
      <Filter>Features\esp</Filter>
    </ClInclude>
    <ClInclude Include="Features\ESP\ESP.hpp">
      <Filter>Features\esp</Filter>
    </ClInclude>
    <ClInclude Include="Features\MISC\Misc.hpp">
      <Filter>Features\misc</Filter>
    </ClInclude>
    <ClInclude Include="resource.h">
      <Filter>helpers</Filter>
    </ClInclude>
    <ClInclude Include="log.h">
      <Filter>helpers</Filter>
    </ClInclude>
    <ClInclude Include="lazy_importer.h">
      <Filter>helpers</Filter>
    </ClInclude>
    <ClInclude Include="guard.h">
      <Filter>helpers</Filter>
    </ClInclude>
  </ItemGroup>
  <ItemGroup>
    <ClCompile Include="Overlay\imgui\imgui_widgets.cpp">
      <Filter>overlay\imgui</Filter>
    </ClCompile>
    <ClCompile Include="Overlay\imgui\imgui.cpp">
      <Filter>overlay\imgui</Filter>
    </ClCompile>
    <ClCompile Include="Overlay\imgui\imgui_demo.cpp">
      <Filter>overlay\imgui</Filter>
    </ClCompile>
    <ClCompile Include="Overlay\imgui\imgui_draw.cpp">
      <Filter>overlay\imgui</Filter>
    </ClCompile>
    <ClCompile Include="Overlay\imgui\imgui_impl_dx9.cpp">
      <Filter>overlay\imgui</Filter>
    </ClCompile>
    <ClCompile Include="Overlay\imgui\imgui_impl_win32.cpp">
      <Filter>overlay\imgui</Filter>
    </ClCompile>
    <ClCompile Include="Main.cpp" />
    <ClCompile Include="Overlay\Overlay.cpp">
      <Filter>overlay</Filter>
    </ClCompile>
    <ClCompile Include="Overlay\Menu\Settings.cpp">
      <Filter>overlay\menu</Filter>
    </ClCompile>
  </ItemGroup>
  <ItemGroup>
    <None Include="..\VMProtectSDK64.dll" />
  </ItemGroup>
  <ItemGroup>
    <Library Include="..\VMProtectSDK64.lib" />
  </ItemGroup>
  <ItemGroup>
    <ResourceCompile Include="vos.club_csgo.rc" />
  </ItemGroup>
</Project>